<?xml version="1.0" encoding="UTF-8"?>
<!DOCTYPE plist PUBLIC "-//Apple//DTD PLIST 1.0//EN" "http://www.apple.com/DTDs/PropertyList-1.0.dtd">
<plist version="1.0">
<dict>
	<key>archiveVersion</key>
	<string>1</string>
	<key>classes</key>
	<dict/>
	<key>objectVersion</key>
	<string>46</string>
	<key>objects</key>
	<dict>
		<key>06585103B5884B97A930A793</key>
		<dict>
			<key>buildActionMask</key>
			<string>2147483647</string>
			<key>files</key>
			<array/>
			<key>inputPaths</key>
			<array/>
			<key>isa</key>
			<string>PBXShellScriptBuildPhase</string>
			<key>name</key>
			<string>Copy Pods Resources</string>
			<key>outputPaths</key>
			<array/>
			<key>runOnlyForDeploymentPostprocessing</key>
			<string>0</string>
			<key>shellPath</key>
			<string>/bin/sh</string>
			<key>shellScript</key>
			<string>"${SRCROOT}/Pods/Pods-resources.sh"
</string>
			<key>showEnvVarsInLog</key>
			<string>0</string>
		</dict>
		<key>2D07BA907D754D28A6726758</key>
		<dict>
			<key>buildActionMask</key>
			<string>2147483647</string>
			<key>files</key>
			<array/>
			<key>inputPaths</key>
			<array/>
			<key>isa</key>
			<string>PBXShellScriptBuildPhase</string>
			<key>name</key>
			<string>Check Pods Manifest.lock</string>
			<key>outputPaths</key>
			<array/>
			<key>runOnlyForDeploymentPostprocessing</key>
			<string>0</string>
			<key>shellPath</key>
			<string>/bin/sh</string>
			<key>shellScript</key>
			<string>diff "${PODS_ROOT}/../Podfile.lock" "${PODS_ROOT}/Manifest.lock" &gt; /dev/null
if [[ $? != 0 ]] ; then
    cat &lt;&lt; EOM
error: The sandbox is not in sync with the Podfile.lock. Run 'pod install' or update your CocoaPods installation.
EOM
    exit 1
fi
</string>
			<key>showEnvVarsInLog</key>
			<string>0</string>
		</dict>
		<key>40403D6E75084A7D9D34021B</key>
		<dict>
			<key>fileRef</key>
			<string>B8FD0F85076B417DAEEC9E24</string>
			<key>isa</key>
			<string>PBXBuildFile</string>
		</dict>
		<key>B021D8A91816FD6D00B9852C</key>
		<dict>
			<key>children</key>
			<array>
				<string>B021D8AA1816FD6D00B9852C</string>
				<string>B021D8AB1816FD6D00B9852C</string>
				<string>B021D8AC1816FD6D00B9852C</string>
				<string>B021D8AD1816FD6D00B9852C</string>
				<string>B021D8AE1816FD6D00B9852C</string>
				<string>B021D8AF1816FD6D00B9852C</string>
				<string>B021D8B01816FD6D00B9852C</string>
				<string>B021D8B11816FD6D00B9852C</string>
				<string>B021D8B21816FD6D00B9852C</string>
				<string>B021D8B31816FD6D00B9852C</string>
				<string>B021D8B41816FD6D00B9852C</string>
				<string>B021D8B51816FD6D00B9852C</string>
				<string>B021D8B61816FD6D00B9852C</string>
				<string>B021D8B71816FD6D00B9852C</string>
				<string>B021D8B81816FD6D00B9852C</string>
				<string>B021D8B91816FD6D00B9852C</string>
				<string>B021D8BA1816FD6D00B9852C</string>
				<string>B021D8BB1816FD6D00B9852C</string>
				<string>B021D8BC1816FD6D00B9852C</string>
			</array>
			<key>isa</key>
			<string>PBXGroup</string>
			<key>path</key>
			<string>AFNetworking</string>
			<key>sourceTree</key>
			<string>&lt;group&gt;</string>
		</dict>
		<key>B021D8AA1816FD6D00B9852C</key>
		<dict>
			<key>fileEncoding</key>
			<string>4</string>
			<key>isa</key>
			<string>PBXFileReference</string>
			<key>lastKnownFileType</key>
			<string>sourcecode.c.h</string>
			<key>path</key>
			<string>AFHTTPRequestOperation.h</string>
			<key>sourceTree</key>
			<string>&lt;group&gt;</string>
		</dict>
		<key>B021D8AB1816FD6D00B9852C</key>
		<dict>
			<key>fileEncoding</key>
			<string>4</string>
			<key>isa</key>
			<string>PBXFileReference</string>
			<key>lastKnownFileType</key>
			<string>sourcecode.c.objc</string>
			<key>path</key>
			<string>AFHTTPRequestOperation.m</string>
			<key>sourceTree</key>
			<string>&lt;group&gt;</string>
		</dict>
		<key>B021D8AC1816FD6D00B9852C</key>
		<dict>
			<key>fileEncoding</key>
			<string>4</string>
			<key>isa</key>
			<string>PBXFileReference</string>
			<key>lastKnownFileType</key>
			<string>sourcecode.c.h</string>
			<key>path</key>
			<string>AFHTTPRequestOperationManager.h</string>
			<key>sourceTree</key>
			<string>&lt;group&gt;</string>
		</dict>
		<key>B021D8AD1816FD6D00B9852C</key>
		<dict>
			<key>fileEncoding</key>
			<string>4</string>
			<key>isa</key>
			<string>PBXFileReference</string>
			<key>lastKnownFileType</key>
			<string>sourcecode.c.objc</string>
			<key>path</key>
			<string>AFHTTPRequestOperationManager.m</string>
			<key>sourceTree</key>
			<string>&lt;group&gt;</string>
		</dict>
		<key>B021D8AE1816FD6D00B9852C</key>
		<dict>
			<key>fileEncoding</key>
			<string>4</string>
			<key>isa</key>
			<string>PBXFileReference</string>
			<key>lastKnownFileType</key>
			<string>sourcecode.c.h</string>
			<key>path</key>
			<string>AFHTTPSessionManager.h</string>
			<key>sourceTree</key>
			<string>&lt;group&gt;</string>
		</dict>
		<key>B021D8AF1816FD6D00B9852C</key>
		<dict>
			<key>fileEncoding</key>
			<string>4</string>
			<key>isa</key>
			<string>PBXFileReference</string>
			<key>lastKnownFileType</key>
			<string>sourcecode.c.objc</string>
			<key>path</key>
			<string>AFHTTPSessionManager.m</string>
			<key>sourceTree</key>
			<string>&lt;group&gt;</string>
		</dict>
		<key>B021D8B01816FD6D00B9852C</key>
		<dict>
			<key>fileEncoding</key>
			<string>4</string>
			<key>isa</key>
			<string>PBXFileReference</string>
			<key>lastKnownFileType</key>
			<string>sourcecode.c.h</string>
			<key>path</key>
			<string>AFNetworking.h</string>
			<key>sourceTree</key>
			<string>&lt;group&gt;</string>
		</dict>
		<key>B021D8B11816FD6D00B9852C</key>
		<dict>
			<key>fileEncoding</key>
			<string>4</string>
			<key>isa</key>
			<string>PBXFileReference</string>
			<key>lastKnownFileType</key>
			<string>sourcecode.c.h</string>
			<key>path</key>
			<string>AFNetworkReachabilityManager.h</string>
			<key>sourceTree</key>
			<string>&lt;group&gt;</string>
		</dict>
		<key>B021D8B21816FD6D00B9852C</key>
		<dict>
			<key>fileEncoding</key>
			<string>4</string>
			<key>isa</key>
			<string>PBXFileReference</string>
			<key>lastKnownFileType</key>
			<string>sourcecode.c.objc</string>
			<key>path</key>
			<string>AFNetworkReachabilityManager.m</string>
			<key>sourceTree</key>
			<string>&lt;group&gt;</string>
		</dict>
		<key>B021D8B31816FD6D00B9852C</key>
		<dict>
			<key>fileEncoding</key>
			<string>4</string>
			<key>isa</key>
			<string>PBXFileReference</string>
			<key>lastKnownFileType</key>
			<string>sourcecode.c.h</string>
			<key>path</key>
			<string>AFSecurityPolicy.h</string>
			<key>sourceTree</key>
			<string>&lt;group&gt;</string>
		</dict>
		<key>B021D8B41816FD6D00B9852C</key>
		<dict>
			<key>fileEncoding</key>
			<string>4</string>
			<key>isa</key>
			<string>PBXFileReference</string>
			<key>lastKnownFileType</key>
			<string>sourcecode.c.objc</string>
			<key>path</key>
			<string>AFSecurityPolicy.m</string>
			<key>sourceTree</key>
			<string>&lt;group&gt;</string>
		</dict>
		<key>B021D8B51816FD6D00B9852C</key>
		<dict>
			<key>fileEncoding</key>
			<string>4</string>
			<key>isa</key>
			<string>PBXFileReference</string>
			<key>lastKnownFileType</key>
			<string>sourcecode.c.h</string>
			<key>path</key>
			<string>AFURLConnectionOperation.h</string>
			<key>sourceTree</key>
			<string>&lt;group&gt;</string>
		</dict>
		<key>B021D8B61816FD6D00B9852C</key>
		<dict>
			<key>fileEncoding</key>
			<string>4</string>
			<key>isa</key>
			<string>PBXFileReference</string>
			<key>lastKnownFileType</key>
			<string>sourcecode.c.objc</string>
			<key>path</key>
			<string>AFURLConnectionOperation.m</string>
			<key>sourceTree</key>
			<string>&lt;group&gt;</string>
		</dict>
		<key>B021D8B71816FD6D00B9852C</key>
		<dict>
			<key>fileEncoding</key>
			<string>4</string>
			<key>isa</key>
			<string>PBXFileReference</string>
			<key>lastKnownFileType</key>
			<string>sourcecode.c.h</string>
			<key>path</key>
			<string>AFURLRequestSerialization.h</string>
			<key>sourceTree</key>
			<string>&lt;group&gt;</string>
		</dict>
		<key>B021D8B81816FD6D00B9852C</key>
		<dict>
			<key>fileEncoding</key>
			<string>4</string>
			<key>isa</key>
			<string>PBXFileReference</string>
			<key>lastKnownFileType</key>
			<string>sourcecode.c.objc</string>
			<key>path</key>
			<string>AFURLRequestSerialization.m</string>
			<key>sourceTree</key>
			<string>&lt;group&gt;</string>
		</dict>
		<key>B021D8B91816FD6D00B9852C</key>
		<dict>
			<key>fileEncoding</key>
			<string>4</string>
			<key>isa</key>
			<string>PBXFileReference</string>
			<key>lastKnownFileType</key>
			<string>sourcecode.c.h</string>
			<key>path</key>
			<string>AFURLResponseSerialization.h</string>
			<key>sourceTree</key>
			<string>&lt;group&gt;</string>
		</dict>
		<key>B021D8BA1816FD6D00B9852C</key>
		<dict>
			<key>fileEncoding</key>
			<string>4</string>
			<key>isa</key>
			<string>PBXFileReference</string>
			<key>lastKnownFileType</key>
			<string>sourcecode.c.objc</string>
			<key>path</key>
			<string>AFURLResponseSerialization.m</string>
			<key>sourceTree</key>
			<string>&lt;group&gt;</string>
		</dict>
		<key>B021D8BB1816FD6D00B9852C</key>
		<dict>
			<key>fileEncoding</key>
			<string>4</string>
			<key>isa</key>
			<string>PBXFileReference</string>
			<key>lastKnownFileType</key>
			<string>sourcecode.c.h</string>
			<key>path</key>
			<string>AFURLSessionManager.h</string>
			<key>sourceTree</key>
			<string>&lt;group&gt;</string>
		</dict>
		<key>B021D8BC1816FD6D00B9852C</key>
		<dict>
			<key>fileEncoding</key>
			<string>4</string>
			<key>isa</key>
			<string>PBXFileReference</string>
			<key>lastKnownFileType</key>
			<string>sourcecode.c.objc</string>
			<key>path</key>
			<string>AFURLSessionManager.m</string>
			<key>sourceTree</key>
			<string>&lt;group&gt;</string>
		</dict>
		<key>B021D8BD1816FD6D00B9852C</key>
		<dict>
			<key>fileRef</key>
			<string>B021D8AB1816FD6D00B9852C</string>
			<key>isa</key>
			<string>PBXBuildFile</string>
		</dict>
		<key>B021D8BE1816FD6D00B9852C</key>
		<dict>
			<key>fileRef</key>
			<string>B021D8AD1816FD6D00B9852C</string>
			<key>isa</key>
			<string>PBXBuildFile</string>
		</dict>
		<key>B021D8BF1816FD6D00B9852C</key>
		<dict>
			<key>fileRef</key>
			<string>B021D8AF1816FD6D00B9852C</string>
			<key>isa</key>
			<string>PBXBuildFile</string>
		</dict>
		<key>B021D8C01816FD6D00B9852C</key>
		<dict>
			<key>fileRef</key>
			<string>B021D8B21816FD6D00B9852C</string>
			<key>isa</key>
			<string>PBXBuildFile</string>
		</dict>
		<key>B021D8C11816FD6D00B9852C</key>
		<dict>
			<key>fileRef</key>
			<string>B021D8B41816FD6D00B9852C</string>
			<key>isa</key>
			<string>PBXBuildFile</string>
		</dict>
		<key>B021D8C21816FD6D00B9852C</key>
		<dict>
			<key>fileRef</key>
			<string>B021D8B61816FD6D00B9852C</string>
			<key>isa</key>
			<string>PBXBuildFile</string>
		</dict>
		<key>B021D8C31816FD6D00B9852C</key>
		<dict>
			<key>fileRef</key>
			<string>B021D8B81816FD6D00B9852C</string>
			<key>isa</key>
			<string>PBXBuildFile</string>
		</dict>
		<key>B021D8C41816FD6D00B9852C</key>
		<dict>
			<key>fileRef</key>
			<string>B021D8BA1816FD6D00B9852C</string>
			<key>isa</key>
			<string>PBXBuildFile</string>
		</dict>
		<key>B021D8C51816FD6D00B9852C</key>
		<dict>
			<key>fileRef</key>
			<string>B021D8BC1816FD6D00B9852C</string>
			<key>isa</key>
			<string>PBXBuildFile</string>
		</dict>
		<key>B0878787181561BE001832E4</key>
		<dict>
			<key>children</key>
			<array>
				<string>B08787C2181561DD001832E4</string>
				<string>B0878799181561BE001832E4</string>
				<string>B08787B2181561BE001832E4</string>
				<string>B0878792181561BE001832E4</string>
				<string>B0878791181561BE001832E4</string>
				<string>CC844C3243A143E680BA1EF0</string>
			</array>
			<key>isa</key>
			<string>PBXGroup</string>
			<key>sourceTree</key>
			<string>&lt;group&gt;</string>
		</dict>
		<key>B0878788181561BE001832E4</key>
		<dict>
			<key>attributes</key>
			<dict>
				<key>LastUpgradeCheck</key>
				<string>0500</string>
				<key>ORGANIZATIONNAME</key>
				<string>Vinicius Tonon</string>
				<key>TargetAttributes</key>
				<dict>
					<key>B087878F181561BE001832E4</key>
					<dict>
						<key>SystemCapabilities</key>
						<dict>
							<key>com.apple.iOS</key>
							<dict>
								<key>enabled</key>
								<string>1</string>
							</dict>
						</dict>
					</dict>
					<key>B08787AA181561BE001832E4</key>
					<dict>
						<key>TestTargetID</key>
						<string>B087878F181561BE001832E4</string>
					</dict>
				</dict>
			</dict>
			<key>buildConfigurationList</key>
			<string>B087878B181561BE001832E4</string>
			<key>compatibilityVersion</key>
			<string>Xcode 3.2</string>
			<key>developmentRegion</key>
			<string>English</string>
			<key>hasScannedForEncodings</key>
			<string>0</string>
			<key>isa</key>
			<string>PBXProject</string>
			<key>knownRegions</key>
			<array>
				<string>en</string>
			</array>
			<key>mainGroup</key>
			<string>B0878787181561BE001832E4</string>
			<key>productRefGroup</key>
			<string>B0878791181561BE001832E4</string>
			<key>projectDirPath</key>
			<string></string>
			<key>projectReferences</key>
			<array/>
			<key>projectRoot</key>
			<string></string>
			<key>targets</key>
			<array>
				<string>B087878F181561BE001832E4</string>
				<string>B08787AA181561BE001832E4</string>
			</array>
		</dict>
		<key>B087878B181561BE001832E4</key>
		<dict>
			<key>buildConfigurations</key>
			<array>
				<string>B08787BA181561BE001832E4</string>
				<string>B08787BB181561BE001832E4</string>
			</array>
			<key>defaultConfigurationIsVisible</key>
			<string>0</string>
			<key>defaultConfigurationName</key>
			<string>Release</string>
			<key>isa</key>
			<string>XCConfigurationList</string>
		</dict>
		<key>B087878C181561BE001832E4</key>
		<dict>
			<key>buildActionMask</key>
			<string>2147483647</string>
			<key>files</key>
			<array>
				<string>B021D8C11816FD6D00B9852C</string>
				<string>B08787C81816CFEB001832E4</string>
				<string>B021D8BE1816FD6D00B9852C</string>
				<string>B021D8C21816FD6D00B9852C</string>
				<string>B021D8BD1816FD6D00B9852C</string>
				<string>B08787A4181561BE001832E4</string>
				<string>B021D8C31816FD6D00B9852C</string>
				<string>B021D8BF1816FD6D00B9852C</string>
				<string>B021D8C01816FD6D00B9852C</string>
				<string>B021D8C41816FD6D00B9852C</string>
				<string>B021D8C51816FD6D00B9852C</string>
				<string>B08787A0181561BE001832E4</string>
			</array>
			<key>isa</key>
			<string>PBXSourcesBuildPhase</string>
			<key>runOnlyForDeploymentPostprocessing</key>
			<string>0</string>
		</dict>
		<key>B087878D181561BE001832E4</key>
		<dict>
			<key>buildActionMask</key>
			<string>2147483647</string>
			<key>files</key>
			<array>
				<string>B0878796181561BE001832E4</string>
				<string>B0878798181561BE001832E4</string>
				<string>B08787CA1816D640001832E4</string>
				<string>B0878794181561BE001832E4</string>
				<string>40403D6E75084A7D9D34021B</string>
			</array>
			<key>isa</key>
			<string>PBXFrameworksBuildPhase</string>
			<key>runOnlyForDeploymentPostprocessing</key>
			<string>0</string>
		</dict>
		<key>B087878E181561BE001832E4</key>
		<dict>
			<key>buildActionMask</key>
			<string>2147483647</string>
			<key>files</key>
			<array>
				<string>B087879E181561BE001832E4</string>
				<string>B08787C3181561DD001832E4</string>
				<string>B08787A6181561BE001832E4</string>
			</array>
			<key>isa</key>
			<string>PBXResourcesBuildPhase</string>
			<key>runOnlyForDeploymentPostprocessing</key>
			<string>0</string>
		</dict>
		<key>B087878F181561BE001832E4</key>
		<dict>
			<key>buildConfigurationList</key>
			<string>B08787BC181561BE001832E4</string>
			<key>buildPhases</key>
			<array>
				<string>2D07BA907D754D28A6726758</string>
				<string>B087878C181561BE001832E4</string>
				<string>B087878D181561BE001832E4</string>
				<string>B087878E181561BE001832E4</string>
				<string>06585103B5884B97A930A793</string>
			</array>
			<key>buildRules</key>
			<array/>
			<key>dependencies</key>
			<array/>
			<key>isa</key>
			<string>PBXNativeTarget</string>
			<key>name</key>
			<string>ihCarona</string>
			<key>productName</key>
			<string>ihCarona</string>
			<key>productReference</key>
			<string>B0878790181561BE001832E4</string>
			<key>productType</key>
			<string>com.apple.product-type.application</string>
		</dict>
		<key>B0878790181561BE001832E4</key>
		<dict>
			<key>explicitFileType</key>
			<string>wrapper.application</string>
			<key>includeInIndex</key>
			<string>0</string>
			<key>isa</key>
			<string>PBXFileReference</string>
			<key>path</key>
			<string>ihCarona.app</string>
			<key>sourceTree</key>
			<string>BUILT_PRODUCTS_DIR</string>
		</dict>
		<key>B0878791181561BE001832E4</key>
		<dict>
			<key>children</key>
			<array>
				<string>B0878790181561BE001832E4</string>
				<string>B08787AB181561BE001832E4</string>
			</array>
			<key>isa</key>
			<string>PBXGroup</string>
			<key>name</key>
			<string>Products</string>
			<key>sourceTree</key>
			<string>&lt;group&gt;</string>
		</dict>
		<key>B0878792181561BE001832E4</key>
		<dict>
			<key>children</key>
			<array>
				<string>B021D8A91816FD6D00B9852C</string>
				<string>B08787C91816D640001832E4</string>
				<string>B0878793181561BE001832E4</string>
				<string>B0878795181561BE001832E4</string>
				<string>B0878797181561BE001832E4</string>
				<string>B08787AC181561BE001832E4</string>
				<string>B8FD0F85076B417DAEEC9E24</string>
			</array>
			<key>isa</key>
			<string>PBXGroup</string>
			<key>name</key>
			<string>Frameworks</string>
			<key>sourceTree</key>
			<string>&lt;group&gt;</string>
		</dict>
		<key>B0878793181561BE001832E4</key>
		<dict>
			<key>isa</key>
			<string>PBXFileReference</string>
			<key>lastKnownFileType</key>
			<string>wrapper.framework</string>
			<key>name</key>
			<string>Foundation.framework</string>
			<key>path</key>
			<string>System/Library/Frameworks/Foundation.framework</string>
			<key>sourceTree</key>
			<string>SDKROOT</string>
		</dict>
		<key>B0878794181561BE001832E4</key>
		<dict>
			<key>fileRef</key>
			<string>B0878793181561BE001832E4</string>
			<key>isa</key>
			<string>PBXBuildFile</string>
		</dict>
		<key>B0878795181561BE001832E4</key>
		<dict>
			<key>isa</key>
			<string>PBXFileReference</string>
			<key>lastKnownFileType</key>
			<string>wrapper.framework</string>
			<key>name</key>
			<string>CoreGraphics.framework</string>
			<key>path</key>
			<string>System/Library/Frameworks/CoreGraphics.framework</string>
			<key>sourceTree</key>
			<string>SDKROOT</string>
		</dict>
		<key>B0878796181561BE001832E4</key>
		<dict>
			<key>fileRef</key>
			<string>B0878795181561BE001832E4</string>
			<key>isa</key>
			<string>PBXBuildFile</string>
		</dict>
		<key>B0878797181561BE001832E4</key>
		<dict>
			<key>isa</key>
			<string>PBXFileReference</string>
			<key>lastKnownFileType</key>
			<string>wrapper.framework</string>
			<key>name</key>
			<string>UIKit.framework</string>
			<key>path</key>
			<string>System/Library/Frameworks/UIKit.framework</string>
			<key>sourceTree</key>
			<string>SDKROOT</string>
		</dict>
		<key>B0878798181561BE001832E4</key>
		<dict>
			<key>fileRef</key>
			<string>B0878797181561BE001832E4</string>
			<key>isa</key>
			<string>PBXBuildFile</string>
		</dict>
		<key>B0878799181561BE001832E4</key>
		<dict>
			<key>children</key>
			<array>
				<string>B08787C61816CFEB001832E4</string>
				<string>B08787C71816CFEB001832E4</string>
				<string>B08787A2181561BE001832E4</string>
				<string>B08787A3181561BE001832E4</string>
				<string>B08787A5181561BE001832E4</string>
				<string>B087879A181561BE001832E4</string>
			</array>
			<key>isa</key>
			<string>PBXGroup</string>
			<key>path</key>
			<string>ihCarona</string>
			<key>sourceTree</key>
			<string>&lt;group&gt;</string>
		</dict>
		<key>B087879A181561BE001832E4</key>
		<dict>
			<key>children</key>
			<array>
				<string>B087879B181561BE001832E4</string>
				<string>B087879C181561BE001832E4</string>
				<string>B087879F181561BE001832E4</string>
				<string>B08787A1181561BE001832E4</string>
			</array>
			<key>isa</key>
			<string>PBXGroup</string>
			<key>name</key>
			<string>Supporting Files</string>
			<key>sourceTree</key>
			<string>&lt;group&gt;</string>
		</dict>
		<key>B087879B181561BE001832E4</key>
		<dict>
			<key>isa</key>
			<string>PBXFileReference</string>
			<key>lastKnownFileType</key>
			<string>text.plist.xml</string>
			<key>path</key>
			<string>ihCarona-Info.plist</string>
			<key>sourceTree</key>
			<string>&lt;group&gt;</string>
		</dict>
		<key>B087879C181561BE001832E4</key>
		<dict>
			<key>children</key>
			<array>
				<string>B087879D181561BE001832E4</string>
			</array>
			<key>isa</key>
			<string>PBXVariantGroup</string>
			<key>name</key>
			<string>InfoPlist.strings</string>
			<key>sourceTree</key>
			<string>&lt;group&gt;</string>
		</dict>
		<key>B087879D181561BE001832E4</key>
		<dict>
			<key>isa</key>
			<string>PBXFileReference</string>
			<key>lastKnownFileType</key>
			<string>text.plist.strings</string>
			<key>name</key>
			<string>en</string>
			<key>path</key>
			<string>en.lproj/InfoPlist.strings</string>
			<key>sourceTree</key>
			<string>&lt;group&gt;</string>
		</dict>
		<key>B087879E181561BE001832E4</key>
		<dict>
			<key>fileRef</key>
			<string>B087879C181561BE001832E4</string>
			<key>isa</key>
			<string>PBXBuildFile</string>
		</dict>
		<key>B087879F181561BE001832E4</key>
		<dict>
			<key>isa</key>
			<string>PBXFileReference</string>
			<key>lastKnownFileType</key>
			<string>sourcecode.c.objc</string>
			<key>path</key>
			<string>main.m</string>
			<key>sourceTree</key>
			<string>&lt;group&gt;</string>
		</dict>
		<key>B08787A0181561BE001832E4</key>
		<dict>
			<key>fileRef</key>
			<string>B087879F181561BE001832E4</string>
			<key>isa</key>
			<string>PBXBuildFile</string>
		</dict>
		<key>B08787A1181561BE001832E4</key>
		<dict>
			<key>isa</key>
			<string>PBXFileReference</string>
			<key>lastKnownFileType</key>
			<string>sourcecode.c.h</string>
			<key>path</key>
			<string>ihCarona-Prefix.pch</string>
			<key>sourceTree</key>
			<string>&lt;group&gt;</string>
		</dict>
		<key>B08787A2181561BE001832E4</key>
		<dict>
			<key>isa</key>
			<string>PBXFileReference</string>
			<key>lastKnownFileType</key>
			<string>sourcecode.c.h</string>
			<key>path</key>
			<string>AppDelegate.h</string>
			<key>sourceTree</key>
			<string>&lt;group&gt;</string>
		</dict>
		<key>B08787A3181561BE001832E4</key>
		<dict>
			<key>isa</key>
			<string>PBXFileReference</string>
			<key>lastKnownFileType</key>
			<string>sourcecode.c.objc</string>
			<key>path</key>
			<string>AppDelegate.m</string>
			<key>sourceTree</key>
			<string>&lt;group&gt;</string>
		</dict>
		<key>B08787A4181561BE001832E4</key>
		<dict>
			<key>fileRef</key>
			<string>B08787A3181561BE001832E4</string>
			<key>isa</key>
			<string>PBXBuildFile</string>
		</dict>
		<key>B08787A5181561BE001832E4</key>
		<dict>
			<key>isa</key>
			<string>PBXFileReference</string>
			<key>lastKnownFileType</key>
			<string>folder.assetcatalog</string>
			<key>path</key>
			<string>Images.xcassets</string>
			<key>sourceTree</key>
			<string>&lt;group&gt;</string>
		</dict>
		<key>B08787A6181561BE001832E4</key>
		<dict>
			<key>fileRef</key>
			<string>B08787A5181561BE001832E4</string>
			<key>isa</key>
			<string>PBXBuildFile</string>
		</dict>
		<key>B08787A7181561BE001832E4</key>
		<dict>
			<key>buildActionMask</key>
			<string>2147483647</string>
			<key>files</key>
			<array>
				<string>B08787B9181561BE001832E4</string>
			</array>
			<key>isa</key>
			<string>PBXSourcesBuildPhase</string>
			<key>runOnlyForDeploymentPostprocessing</key>
			<string>0</string>
		</dict>
		<key>B08787A8181561BE001832E4</key>
		<dict>
			<key>buildActionMask</key>
			<string>2147483647</string>
			<key>files</key>
			<array>
				<string>B08787AD181561BE001832E4</string>
				<string>B08787AF181561BE001832E4</string>
				<string>B08787AE181561BE001832E4</string>
			</array>
			<key>isa</key>
			<string>PBXFrameworksBuildPhase</string>
			<key>runOnlyForDeploymentPostprocessing</key>
			<string>0</string>
		</dict>
		<key>B08787A9181561BE001832E4</key>
		<dict>
			<key>buildActionMask</key>
			<string>2147483647</string>
			<key>files</key>
			<array>
				<string>B08787B7181561BE001832E4</string>
			</array>
			<key>isa</key>
			<string>PBXResourcesBuildPhase</string>
			<key>runOnlyForDeploymentPostprocessing</key>
			<string>0</string>
		</dict>
		<key>B08787AA181561BE001832E4</key>
		<dict>
			<key>buildConfigurationList</key>
			<string>B08787BF181561BE001832E4</string>
			<key>buildPhases</key>
			<array>
				<string>B08787A7181561BE001832E4</string>
				<string>B08787A8181561BE001832E4</string>
				<string>B08787A9181561BE001832E4</string>
			</array>
			<key>buildRules</key>
			<array/>
			<key>dependencies</key>
			<array>
				<string>B08787B1181561BE001832E4</string>
			</array>
			<key>isa</key>
			<string>PBXNativeTarget</string>
			<key>name</key>
			<string>ihCaronaTests</string>
			<key>productName</key>
			<string>ihCaronaTests</string>
			<key>productReference</key>
			<string>B08787AB181561BE001832E4</string>
			<key>productType</key>
			<string>com.apple.product-type.bundle.unit-test</string>
		</dict>
		<key>B08787AB181561BE001832E4</key>
		<dict>
			<key>explicitFileType</key>
			<string>wrapper.cfbundle</string>
			<key>includeInIndex</key>
			<string>0</string>
			<key>isa</key>
			<string>PBXFileReference</string>
			<key>path</key>
			<string>ihCaronaTests.xctest</string>
			<key>sourceTree</key>
			<string>BUILT_PRODUCTS_DIR</string>
		</dict>
		<key>B08787AC181561BE001832E4</key>
		<dict>
			<key>isa</key>
			<string>PBXFileReference</string>
			<key>lastKnownFileType</key>
			<string>wrapper.framework</string>
			<key>name</key>
			<string>XCTest.framework</string>
			<key>path</key>
			<string>Library/Frameworks/XCTest.framework</string>
			<key>sourceTree</key>
			<string>DEVELOPER_DIR</string>
		</dict>
		<key>B08787AD181561BE001832E4</key>
		<dict>
			<key>fileRef</key>
			<string>B08787AC181561BE001832E4</string>
			<key>isa</key>
			<string>PBXBuildFile</string>
		</dict>
		<key>B08787AE181561BE001832E4</key>
		<dict>
			<key>fileRef</key>
			<string>B0878793181561BE001832E4</string>
			<key>isa</key>
			<string>PBXBuildFile</string>
		</dict>
		<key>B08787AF181561BE001832E4</key>
		<dict>
			<key>fileRef</key>
			<string>B0878797181561BE001832E4</string>
			<key>isa</key>
			<string>PBXBuildFile</string>
		</dict>
		<key>B08787B0181561BE001832E4</key>
		<dict>
			<key>containerPortal</key>
			<string>B0878788181561BE001832E4</string>
			<key>isa</key>
			<string>PBXContainerItemProxy</string>
			<key>proxyType</key>
			<string>1</string>
			<key>remoteGlobalIDString</key>
			<string>B087878F181561BE001832E4</string>
			<key>remoteInfo</key>
			<string>ihCarona</string>
		</dict>
		<key>B08787B1181561BE001832E4</key>
		<dict>
			<key>isa</key>
			<string>PBXTargetDependency</string>
			<key>target</key>
			<string>B087878F181561BE001832E4</string>
			<key>targetProxy</key>
			<string>B08787B0181561BE001832E4</string>
		</dict>
		<key>B08787B2181561BE001832E4</key>
		<dict>
			<key>children</key>
			<array>
				<string>B08787B8181561BE001832E4</string>
				<string>B08787B3181561BE001832E4</string>
			</array>
			<key>isa</key>
			<string>PBXGroup</string>
			<key>path</key>
			<string>ihCaronaTests</string>
			<key>sourceTree</key>
			<string>&lt;group&gt;</string>
		</dict>
		<key>B08787B3181561BE001832E4</key>
		<dict>
			<key>children</key>
			<array>
				<string>B08787B4181561BE001832E4</string>
				<string>B08787B5181561BE001832E4</string>
			</array>
			<key>isa</key>
			<string>PBXGroup</string>
			<key>name</key>
			<string>Supporting Files</string>
			<key>sourceTree</key>
			<string>&lt;group&gt;</string>
		</dict>
		<key>B08787B4181561BE001832E4</key>
		<dict>
			<key>isa</key>
			<string>PBXFileReference</string>
			<key>lastKnownFileType</key>
			<string>text.plist.xml</string>
			<key>path</key>
			<string>ihCaronaTests-Info.plist</string>
			<key>sourceTree</key>
			<string>&lt;group&gt;</string>
		</dict>
		<key>B08787B5181561BE001832E4</key>
		<dict>
			<key>children</key>
			<array>
				<string>B08787B6181561BE001832E4</string>
			</array>
			<key>isa</key>
			<string>PBXVariantGroup</string>
			<key>name</key>
			<string>InfoPlist.strings</string>
			<key>sourceTree</key>
			<string>&lt;group&gt;</string>
		</dict>
		<key>B08787B6181561BE001832E4</key>
		<dict>
			<key>isa</key>
			<string>PBXFileReference</string>
			<key>lastKnownFileType</key>
			<string>text.plist.strings</string>
			<key>name</key>
			<string>en</string>
			<key>path</key>
			<string>en.lproj/InfoPlist.strings</string>
			<key>sourceTree</key>
			<string>&lt;group&gt;</string>
		</dict>
		<key>B08787B7181561BE001832E4</key>
		<dict>
			<key>fileRef</key>
			<string>B08787B5181561BE001832E4</string>
			<key>isa</key>
			<string>PBXBuildFile</string>
		</dict>
		<key>B08787B8181561BE001832E4</key>
		<dict>
			<key>isa</key>
			<string>PBXFileReference</string>
			<key>lastKnownFileType</key>
			<string>sourcecode.c.objc</string>
			<key>path</key>
			<string>ihCaronaTests.m</string>
			<key>sourceTree</key>
			<string>&lt;group&gt;</string>
		</dict>
		<key>B08787B9181561BE001832E4</key>
		<dict>
			<key>fileRef</key>
			<string>B08787B8181561BE001832E4</string>
			<key>isa</key>
			<string>PBXBuildFile</string>
		</dict>
		<key>B08787BA181561BE001832E4</key>
		<dict>
			<key>buildSettings</key>
			<dict>
				<key>ALWAYS_SEARCH_USER_PATHS</key>
				<string>NO</string>
				<key>ARCHS</key>
				<string>$(ARCHS_STANDARD_INCLUDING_64_BIT)</string>
				<key>CLANG_CXX_LANGUAGE_STANDARD</key>
				<string>gnu++0x</string>
				<key>CLANG_CXX_LIBRARY</key>
				<string>libc++</string>
				<key>CLANG_ENABLE_MODULES</key>
				<string>YES</string>
				<key>CLANG_ENABLE_OBJC_ARC</key>
				<string>YES</string>
				<key>CLANG_WARN_BOOL_CONVERSION</key>
				<string>YES</string>
				<key>CLANG_WARN_CONSTANT_CONVERSION</key>
				<string>YES</string>
				<key>CLANG_WARN_DIRECT_OBJC_ISA_USAGE</key>
				<string>YES_ERROR</string>
				<key>CLANG_WARN_EMPTY_BODY</key>
				<string>YES</string>
				<key>CLANG_WARN_ENUM_CONVERSION</key>
				<string>YES</string>
				<key>CLANG_WARN_INT_CONVERSION</key>
				<string>YES</string>
				<key>CLANG_WARN_OBJC_ROOT_CLASS</key>
				<string>YES_ERROR</string>
				<key>CLANG_WARN__DUPLICATE_METHOD_MATCH</key>
				<string>YES</string>
				<key>CODE_SIGN_IDENTITY[sdk=iphoneos*]</key>
				<string>iPhone Developer</string>
				<key>COPY_PHASE_STRIP</key>
				<string>NO</string>
				<key>GCC_C_LANGUAGE_STANDARD</key>
				<string>gnu99</string>
				<key>GCC_DYNAMIC_NO_PIC</key>
				<string>NO</string>
				<key>GCC_OPTIMIZATION_LEVEL</key>
				<string>0</string>
				<key>GCC_PREPROCESSOR_DEFINITIONS</key>
				<array>
					<string>DEBUG=1</string>
					<string>$(inherited)</string>
				</array>
				<key>GCC_SYMBOLS_PRIVATE_EXTERN</key>
				<string>NO</string>
				<key>GCC_WARN_64_TO_32_BIT_CONVERSION</key>
				<string>YES</string>
				<key>GCC_WARN_ABOUT_RETURN_TYPE</key>
				<string>YES_ERROR</string>
				<key>GCC_WARN_UNDECLARED_SELECTOR</key>
				<string>YES</string>
				<key>GCC_WARN_UNINITIALIZED_AUTOS</key>
				<string>YES</string>
				<key>GCC_WARN_UNUSED_FUNCTION</key>
				<string>YES</string>
				<key>GCC_WARN_UNUSED_VARIABLE</key>
				<string>YES</string>
				<key>IPHONEOS_DEPLOYMENT_TARGET</key>
				<string>7.0</string>
				<key>ONLY_ACTIVE_ARCH</key>
				<string>YES</string>
				<key>SDKROOT</key>
				<string>iphoneos</string>
				<key>TARGETED_DEVICE_FAMILY</key>
				<string>1,2</string>
			</dict>
			<key>isa</key>
			<string>XCBuildConfiguration</string>
			<key>name</key>
			<string>Debug</string>
		</dict>
		<key>B08787BB181561BE001832E4</key>
		<dict>
			<key>buildSettings</key>
			<dict>
				<key>ALWAYS_SEARCH_USER_PATHS</key>
				<string>NO</string>
				<key>ARCHS</key>
				<string>$(ARCHS_STANDARD_INCLUDING_64_BIT)</string>
				<key>CLANG_CXX_LANGUAGE_STANDARD</key>
				<string>gnu++0x</string>
				<key>CLANG_CXX_LIBRARY</key>
				<string>libc++</string>
				<key>CLANG_ENABLE_MODULES</key>
				<string>YES</string>
				<key>CLANG_ENABLE_OBJC_ARC</key>
				<string>YES</string>
				<key>CLANG_WARN_BOOL_CONVERSION</key>
				<string>YES</string>
				<key>CLANG_WARN_CONSTANT_CONVERSION</key>
				<string>YES</string>
				<key>CLANG_WARN_DIRECT_OBJC_ISA_USAGE</key>
				<string>YES_ERROR</string>
				<key>CLANG_WARN_EMPTY_BODY</key>
				<string>YES</string>
				<key>CLANG_WARN_ENUM_CONVERSION</key>
				<string>YES</string>
				<key>CLANG_WARN_INT_CONVERSION</key>
				<string>YES</string>
				<key>CLANG_WARN_OBJC_ROOT_CLASS</key>
				<string>YES_ERROR</string>
				<key>CLANG_WARN__DUPLICATE_METHOD_MATCH</key>
				<string>YES</string>
				<key>CODE_SIGN_IDENTITY[sdk=iphoneos*]</key>
				<string>iPhone Developer</string>
				<key>COPY_PHASE_STRIP</key>
				<string>YES</string>
				<key>ENABLE_NS_ASSERTIONS</key>
				<string>NO</string>
				<key>GCC_C_LANGUAGE_STANDARD</key>
				<string>gnu99</string>
				<key>GCC_WARN_64_TO_32_BIT_CONVERSION</key>
				<string>YES</string>
				<key>GCC_WARN_ABOUT_RETURN_TYPE</key>
				<string>YES_ERROR</string>
				<key>GCC_WARN_UNDECLARED_SELECTOR</key>
				<string>YES</string>
				<key>GCC_WARN_UNINITIALIZED_AUTOS</key>
				<string>YES</string>
				<key>GCC_WARN_UNUSED_FUNCTION</key>
				<string>YES</string>
				<key>GCC_WARN_UNUSED_VARIABLE</key>
				<string>YES</string>
				<key>IPHONEOS_DEPLOYMENT_TARGET</key>
				<string>7.0</string>
				<key>SDKROOT</key>
				<string>iphoneos</string>
				<key>TARGETED_DEVICE_FAMILY</key>
				<string>1,2</string>
				<key>VALIDATE_PRODUCT</key>
				<string>YES</string>
			</dict>
			<key>isa</key>
			<string>XCBuildConfiguration</string>
			<key>name</key>
			<string>Release</string>
		</dict>
		<key>B08787BC181561BE001832E4</key>
		<dict>
			<key>buildConfigurations</key>
			<array>
				<string>B08787BD181561BE001832E4</string>
				<string>B08787BE181561BE001832E4</string>
			</array>
			<key>defaultConfigurationIsVisible</key>
			<string>0</string>
			<key>defaultConfigurationName</key>
			<string>Release</string>
			<key>isa</key>
			<string>XCConfigurationList</string>
		</dict>
		<key>B08787BD181561BE001832E4</key>
		<dict>
			<key>baseConfigurationReference</key>
			<string>CC844C3243A143E680BA1EF0</string>
			<key>buildSettings</key>
			<dict>
				<key>ASSETCATALOG_COMPILER_APPICON_NAME</key>
				<string>AppIcon</string>
				<key>ASSETCATALOG_COMPILER_LAUNCHIMAGE_NAME</key>
				<string>LaunchImage</string>
				<key>FRAMEWORK_SEARCH_PATHS</key>
				<array>
					<string>$(inherited)</string>
					<string>/Users/guilheme/Documents/BEPiD/SDKs/FacebookSDK</string>
					<string>/Users/viniciustonon/Dev/iOS/ihCarona/ihCarona</string>
				</array>
				<key>GCC_PRECOMPILE_PREFIX_HEADER</key>
				<string>YES</string>
				<key>GCC_PREFIX_HEADER</key>
				<string>ihCarona/ihCarona-Prefix.pch</string>
				<key>INFOPLIST_FILE</key>
				<string>ihCarona/ihCarona-Info.plist</string>
				<key>PRODUCT_NAME</key>
				<string>$(TARGET_NAME)</string>
				<key>WRAPPER_EXTENSION</key>
				<string>app</string>
			</dict>
			<key>isa</key>
			<string>XCBuildConfiguration</string>
			<key>name</key>
			<string>Debug</string>
		</dict>
		<key>B08787BE181561BE001832E4</key>
		<dict>
			<key>baseConfigurationReference</key>
			<string>CC844C3243A143E680BA1EF0</string>
			<key>buildSettings</key>
			<dict>
				<key>ASSETCATALOG_COMPILER_APPICON_NAME</key>
				<string>AppIcon</string>
				<key>ASSETCATALOG_COMPILER_LAUNCHIMAGE_NAME</key>
				<string>LaunchImage</string>
				<key>FRAMEWORK_SEARCH_PATHS</key>
				<array>
					<string>$(inherited)</string>
					<string>/Users/guilheme/Documents/BEPiD/SDKs/FacebookSDK</string>
					<string>/Users/viniciustonon/Dev/iOS/ihCarona/ihCarona</string>
				</array>
				<key>GCC_PRECOMPILE_PREFIX_HEADER</key>
				<string>YES</string>
				<key>GCC_PREFIX_HEADER</key>
				<string>ihCarona/ihCarona-Prefix.pch</string>
				<key>INFOPLIST_FILE</key>
				<string>ihCarona/ihCarona-Info.plist</string>
				<key>PRODUCT_NAME</key>
				<string>$(TARGET_NAME)</string>
				<key>WRAPPER_EXTENSION</key>
				<string>app</string>
			</dict>
			<key>isa</key>
			<string>XCBuildConfiguration</string>
			<key>name</key>
			<string>Release</string>
		</dict>
		<key>B08787BF181561BE001832E4</key>
		<dict>
			<key>buildConfigurations</key>
			<array>
				<string>B08787C0181561BE001832E4</string>
				<string>B08787C1181561BE001832E4</string>
			</array>
			<key>defaultConfigurationIsVisible</key>
			<string>0</string>
			<key>defaultConfigurationName</key>
			<string>Release</string>
			<key>isa</key>
			<string>XCConfigurationList</string>
		</dict>
		<key>B08787C0181561BE001832E4</key>
		<dict>
			<key>buildSettings</key>
			<dict>
				<key>ARCHS</key>
				<string>$(ARCHS_STANDARD_INCLUDING_64_BIT)</string>
				<key>BUNDLE_LOADER</key>
				<string>$(BUILT_PRODUCTS_DIR)/ihCarona.app/ihCarona</string>
				<key>FRAMEWORK_SEARCH_PATHS</key>
				<array>
					<string>$(SDKROOT)/Developer/Library/Frameworks</string>
					<string>$(inherited)</string>
					<string>$(DEVELOPER_FRAMEWORKS_DIR)</string>
				</array>
				<key>GCC_PRECOMPILE_PREFIX_HEADER</key>
				<string>YES</string>
				<key>GCC_PREFIX_HEADER</key>
				<string>ihCarona/ihCarona-Prefix.pch</string>
				<key>GCC_PREPROCESSOR_DEFINITIONS</key>
				<array>
					<string>DEBUG=1</string>
					<string>$(inherited)</string>
				</array>
				<key>INFOPLIST_FILE</key>
				<string>ihCaronaTests/ihCaronaTests-Info.plist</string>
				<key>PRODUCT_NAME</key>
				<string>$(TARGET_NAME)</string>
				<key>TEST_HOST</key>
				<string>$(BUNDLE_LOADER)</string>
				<key>WRAPPER_EXTENSION</key>
				<string>xctest</string>
			</dict>
			<key>isa</key>
			<string>XCBuildConfiguration</string>
			<key>name</key>
			<string>Debug</string>
		</dict>
		<key>B08787C1181561BE001832E4</key>
		<dict>
			<key>buildSettings</key>
			<dict>
				<key>ARCHS</key>
				<string>$(ARCHS_STANDARD_INCLUDING_64_BIT)</string>
				<key>BUNDLE_LOADER</key>
				<string>$(BUILT_PRODUCTS_DIR)/ihCarona.app/ihCarona</string>
				<key>FRAMEWORK_SEARCH_PATHS</key>
				<array>
					<string>$(SDKROOT)/Developer/Library/Frameworks</string>
					<string>$(inherited)</string>
					<string>$(DEVELOPER_FRAMEWORKS_DIR)</string>
				</array>
				<key>GCC_PRECOMPILE_PREFIX_HEADER</key>
				<string>YES</string>
				<key>GCC_PREFIX_HEADER</key>
				<string>ihCarona/ihCarona-Prefix.pch</string>
				<key>INFOPLIST_FILE</key>
				<string>ihCaronaTests/ihCaronaTests-Info.plist</string>
				<key>PRODUCT_NAME</key>
				<string>$(TARGET_NAME)</string>
				<key>TEST_HOST</key>
				<string>$(BUNDLE_LOADER)</string>
				<key>WRAPPER_EXTENSION</key>
				<string>xctest</string>
			</dict>
			<key>isa</key>
			<string>XCBuildConfiguration</string>
			<key>name</key>
			<string>Release</string>
		</dict>
		<key>B08787C2181561DD001832E4</key>
		<dict>
			<key>fileEncoding</key>
			<string>4</string>
			<key>isa</key>
			<string>PBXFileReference</string>
			<key>lastKnownFileType</key>
			<string>file.storyboard</string>
			<key>path</key>
			<string>main.storyboard</string>
			<key>sourceTree</key>
			<string>&lt;group&gt;</string>
		</dict>
		<key>B08787C3181561DD001832E4</key>
		<dict>
			<key>fileRef</key>
			<string>B08787C2181561DD001832E4</string>
			<key>isa</key>
			<string>PBXBuildFile</string>
		</dict>
		<key>B08787C61816CFEB001832E4</key>
		<dict>
			<key>fileEncoding</key>
			<string>4</string>
			<key>isa</key>
			<string>PBXFileReference</string>
			<key>lastKnownFileType</key>
			<string>sourcecode.c.h</string>
			<key>name</key>
			<string>mainViewController.h</string>
			<key>path</key>
			<string>../mainViewController.h</string>
			<key>sourceTree</key>
			<string>&lt;group&gt;</string>
		</dict>
		<key>B08787C71816CFEB001832E4</key>
		<dict>
			<key>fileEncoding</key>
			<string>4</string>
			<key>isa</key>
			<string>PBXFileReference</string>
			<key>lastKnownFileType</key>
			<string>sourcecode.c.objc</string>
			<key>name</key>
			<string>mainViewController.m</string>
			<key>path</key>
			<string>../mainViewController.m</string>
			<key>sourceTree</key>
			<string>&lt;group&gt;</string>
		</dict>
		<key>B08787C81816CFEB001832E4</key>
		<dict>
			<key>fileRef</key>
			<string>B08787C71816CFEB001832E4</string>
			<key>isa</key>
			<string>PBXBuildFile</string>
		</dict>
		<key>B08787C91816D640001832E4</key>
		<dict>
			<key>isa</key>
			<string>PBXFileReference</string>
			<key>lastKnownFileType</key>
			<string>wrapper.framework</string>
			<key>name</key>
			<string>MapKit.framework</string>
			<key>path</key>
			<string>System/Library/Frameworks/MapKit.framework</string>
			<key>sourceTree</key>
			<string>SDKROOT</string>
		</dict>
		<key>B08787CA1816D640001832E4</key>
		<dict>
			<key>fileRef</key>
			<string>B08787C91816D640001832E4</string>
			<key>isa</key>
			<string>PBXBuildFile</string>
		</dict>
		<key>B8FD0F85076B417DAEEC9E24</key>
		<dict>
			<key>explicitFileType</key>
			<string>archive.ar</string>
			<key>includeInIndex</key>
			<string>0</string>
			<key>isa</key>
			<string>PBXFileReference</string>
			<key>path</key>
			<string>libPods.a</string>
			<key>sourceTree</key>
			<string>BUILT_PRODUCTS_DIR</string>
		</dict>
		<key>CC844C3243A143E680BA1EF0</key>
		<dict>
			<key>includeInIndex</key>
			<string>1</string>
			<key>isa</key>
			<string>PBXFileReference</string>
			<key>lastKnownFileType</key>
			<string>text.xcconfig</string>
			<key>name</key>
			<string>Pods.xcconfig</string>
			<key>path</key>
			<string>Pods/Pods.xcconfig</string>
			<key>sourceTree</key>
			<string>&lt;group&gt;</string>
		</dict>
	</dict>
	<key>rootObject</key>
	<string>B0878788181561BE001832E4</string>
</dict>
</plist>
